<?xml version="1.0" encoding="utf-8"?>
<Project ToolsVersion="4.0" xmlns="http://schemas.microsoft.com/developer/msbuild/2003">
  <ItemGroup>
    <Filter Include="リソース ファイル">
      <UniqueIdentifier>{67DA6AB6-F800-4c08-8B7A-83BB121AAD01}</UniqueIdentifier>
      <Extensions>rc;ico;cur;bmp;dlg;rc2;rct;bin;rgs;gif;jpg;jpeg;jpe;resx;tiff;tif;png;wav;mfcribbon-ms</Extensions>
    </Filter>
    <Filter Include="Source">
      <UniqueIdentifier>{18b3ecc8-5696-48d8-b559-0899ccaf461d}</UniqueIdentifier>
    </Filter>
    <Filter Include="リソース ファイル\Shader">
      <UniqueIdentifier>{b10e3103-14d0-46c3-b3a6-ec1f3eade95c}</UniqueIdentifier>
    </Filter>
    <Filter Include="Source\DirectX11">
      <UniqueIdentifier>{8cda81ea-19aa-4e93-af7e-896524b9f5d3}</UniqueIdentifier>
    </Filter>
    <Filter Include="Source\App">
      <UniqueIdentifier>{b87f74a5-89db-40db-9a52-9cef2625feea}</UniqueIdentifier>
    </Filter>
    <Filter Include="Source\System">
      <UniqueIdentifier>{6e3a07cc-1a60-48ea-9c88-58408954477a}</UniqueIdentifier>
    </Filter>
    <Filter Include="Source\DirectX11\System">
      <UniqueIdentifier>{57613732-92ce-4310-9d78-4aaa06eae2fd}</UniqueIdentifier>
    </Filter>
    <Filter Include="Source\DirectX11\Texture">
      <UniqueIdentifier>{56545085-a460-4ad3-ba8a-44c2b2036d81}</UniqueIdentifier>
    </Filter>
    <Filter Include="Source\System\ryuu_lib">
      <UniqueIdentifier>{0e6f99b9-aa4d-46fa-b2c4-5def24b407d2}</UniqueIdentifier>
    </Filter>
    <Filter Include="Source\System\ryuu_lib\Singleton">
      <UniqueIdentifier>{283ede98-0f56-40ed-ad6e-0f8101b18787}</UniqueIdentifier>
    </Filter>
    <Filter Include="Source\System\ryuu_lib\WindowGenerator">
      <UniqueIdentifier>{c99e992c-7b7f-4d23-8256-2126e16ce848}</UniqueIdentifier>
    </Filter>
    <Filter Include="Source\System\ryuu_lib\RandomModule">
      <UniqueIdentifier>{7c2da15c-f68e-4580-a26a-ce45501ff175}</UniqueIdentifier>
    </Filter>
    <Filter Include="Source\System\ryuu_lib\Observer">
      <UniqueIdentifier>{2446a2e2-57e9-4351-94bf-4c94c43dcfae}</UniqueIdentifier>
    </Filter>
    <Filter Include="Source\System\ryuu_lib\IME_Controller">
      <UniqueIdentifier>{7389d220-369c-4170-92df-75da7a200a91}</UniqueIdentifier>
    </Filter>
    <Filter Include="Source\System\ryuu_lib\FrameManager">
      <UniqueIdentifier>{18675544-67e8-46a2-9f00-eb191d140bff}</UniqueIdentifier>
    </Filter>
    <Filter Include="Source\System\ryuu_lib\Easing">
      <UniqueIdentifier>{8a393d85-d628-40f4-839d-c17069b36b37}</UniqueIdentifier>
    </Filter>
    <Filter Include="Source\System\ryuu_lib\CRC31_HashGenerator">
      <UniqueIdentifier>{b5238888-7062-49fe-b0c2-957286dd4a15}</UniqueIdentifier>
    </Filter>
    <Filter Include="Source\System\Input">
      <UniqueIdentifier>{ddbead5c-28a6-46fb-b1c3-4ee858584f62}</UniqueIdentifier>
    </Filter>
    <Filter Include="Source\App\Scene">
      <UniqueIdentifier>{1cd1d12b-2c87-4c03-b92a-25d18b3128ee}</UniqueIdentifier>
    </Filter>
    <Filter Include="Source\System\Scene">
      <UniqueIdentifier>{21fa017c-a310-442c-aba6-e901c6b760dc}</UniqueIdentifier>
    </Filter>
    <Filter Include="Source\System\ImGui">
      <UniqueIdentifier>{18b9022a-3be1-4ad4-95b3-fe1f3eb0dac3}</UniqueIdentifier>
    </Filter>
    <Filter Include="Source\System\Object">
      <UniqueIdentifier>{14a13e31-0a80-4cc5-bc59-c2cb32622f4a}</UniqueIdentifier>
    </Filter>
    <Filter Include="Source\System\Component">
      <UniqueIdentifier>{ae5c6251-7f69-4d65-bb84-667ec22e5e68}</UniqueIdentifier>
    </Filter>
    <Filter Include="リソース ファイル\Shader\Original">
      <UniqueIdentifier>{96a9b3fc-0f0b-47f9-b015-03e5e7c8feec}</UniqueIdentifier>
    </Filter>
    <Filter Include="リソース ファイル\Shader\VertexShader">
      <UniqueIdentifier>{c1b8c8ea-43dc-4912-8737-11a9a0d31fde}</UniqueIdentifier>
    </Filter>
    <Filter Include="リソース ファイル\Shader\PixelShader">
      <UniqueIdentifier>{4324fb67-9ca3-4945-ab45-49cc1c85313a}</UniqueIdentifier>
    </Filter>
    <Filter Include="Source\System\SpriteManager">
      <UniqueIdentifier>{692f91d4-8d5d-4441-84f0-e00b27082ad4}</UniqueIdentifier>
    </Filter>
    <Filter Include="Source\DirectX11\Resource">
      <UniqueIdentifier>{74775034-69be-4457-8310-63ba0a58e1f2}</UniqueIdentifier>
    </Filter>
    <Filter Include="Source\System\Sound">
      <UniqueIdentifier>{14d532be-f130-4ce5-b08a-af5c3012c022}</UniqueIdentifier>
    </Filter>
    <Filter Include="Source\System\FadeManager">
      <UniqueIdentifier>{f19bf3e2-fe69-421f-97d4-a704c3925f3e}</UniqueIdentifier>
    </Filter>
    <Filter Include="Source\System\CollisionManager">
      <UniqueIdentifier>{e4e7216c-bf19-4bd9-95c7-b24052fae248}</UniqueIdentifier>
    </Filter>
    <Filter Include="Source\System\Component\Collider">
      <UniqueIdentifier>{b34bb0cd-66cd-4b0d-83f1-efb72566b987}</UniqueIdentifier>
    </Filter>
    <Filter Include="Source\DirectX11\Renderer">
      <UniqueIdentifier>{48544fe2-3d7e-46af-bbc7-bff1c4024329}</UniqueIdentifier>
    </Filter>
    <Filter Include="Source\System\DebugManager">
      <UniqueIdentifier>{a69a2225-a546-490a-a4fd-7fe47e67b5f9}</UniqueIdentifier>
    </Filter>
  </ItemGroup>
  <ItemGroup>
    <ClCompile Include="Source\DirectX11\DX11_Core.cpp">
      <Filter>Source\DirectX11</Filter>
    </ClCompile>
    <ClCompile Include="Source\DirectX11\Texture\MeshBuffer.cpp">
      <Filter>Source\DirectX11\Texture</Filter>
    </ClCompile>
    <ClCompile Include="Source\DirectX11\Texture\Shader.cpp">
      <Filter>Source\DirectX11\Texture</Filter>
    </ClCompile>
    <ClCompile Include="Source\DirectX11\Texture\Texture.cpp">
      <Filter>Source\DirectX11\Texture</Filter>
    </ClCompile>
    <ClCompile Include="Source\DirectX11\Texture\UnorderedAccessView.cpp">
      <Filter>Source\DirectX11\Texture</Filter>
    </ClCompile>
    <ClCompile Include="Source\pch.cpp">
      <Filter>Source</Filter>
    </ClCompile>
    <ClCompile Include="Source\System\ryuu_lib\Singleton\SingletonController.cpp">
      <Filter>Source\System\ryuu_lib\Singleton</Filter>
    </ClCompile>
    <ClCompile Include="Source\System\ryuu_lib\WindowGenerator\Window.cpp">
      <Filter>Source\System\ryuu_lib\WindowGenerator</Filter>
    </ClCompile>
    <ClCompile Include="Source\System\ryuu_lib\RandomModule\Random.cpp">
      <Filter>Source\System\ryuu_lib\RandomModule</Filter>
    </ClCompile>
    <ClCompile Include="Source\System\ryuu_lib\Observer\Observer.cpp">
      <Filter>Source\System\ryuu_lib\Observer</Filter>
    </ClCompile>
    <ClCompile Include="Source\System\ryuu_lib\IME_Controller\IME.cpp">
      <Filter>Source\System\ryuu_lib\IME_Controller</Filter>
    </ClCompile>
    <ClCompile Include="Source\System\ryuu_lib\FrameManager\FrameManager.cpp">
      <Filter>Source\System\ryuu_lib\FrameManager</Filter>
    </ClCompile>
    <ClCompile Include="Source\System\ryuu_lib\Easing\Easing.cpp">
      <Filter>Source\System\ryuu_lib\Easing</Filter>
    </ClCompile>
    <ClCompile Include="Source\System\ryuu_lib\CRC31_HashGenerator\HashGenerator.cpp">
      <Filter>Source\System\ryuu_lib\CRC31_HashGenerator</Filter>
    </ClCompile>
    <ClCompile Include="Source\EntryPoint.cpp">
      <Filter>Source</Filter>
    </ClCompile>
    <ClCompile Include="Source\App\Main.cpp">
      <Filter>Source\App</Filter>
    </ClCompile>
    <ClCompile Include="Source\System\Input\Input.cpp">
      <Filter>Source\System\Input</Filter>
    </ClCompile>
    <ClCompile Include="Source\System\Scene\SceneBase.cpp">
      <Filter>Source\System\Scene</Filter>
    </ClCompile>
    <ClCompile Include="Source\System\ImGui\imgui.cpp">
      <Filter>Source\System\ImGui</Filter>
    </ClCompile>
    <ClCompile Include="Source\System\ImGui\imgui_draw.cpp">
      <Filter>Source\System\ImGui</Filter>
    </ClCompile>
    <ClCompile Include="Source\System\ImGui\imgui_tables.cpp">
      <Filter>Source\System\ImGui</Filter>
    </ClCompile>
    <ClCompile Include="Source\System\ImGui\imgui_widgets.cpp">
      <Filter>Source\System\ImGui</Filter>
    </ClCompile>
    <ClCompile Include="Source\System\Scene\SceneRoot.cpp">
      <Filter>Source\System\Scene</Filter>
    </ClCompile>
    <ClCompile Include="Source\DirectX11\System\Geometory.cpp">
      <Filter>Source\DirectX11\System</Filter>
    </ClCompile>
    <ClCompile Include="Source\System\Object\GameObject.cpp">
      <Filter>Source\System\Object</Filter>
    </ClCompile>
    <ClCompile Include="Source\System\Component\Component.cpp">
      <Filter>Source\System\Component</Filter>
    </ClCompile>
    <ClCompile Include="Source\System\ImGui\imgui_impl_dx11.cpp">
      <Filter>Source\System\ImGui</Filter>
    </ClCompile>
    <ClCompile Include="Source\System\ImGui\imgui_impl_win32.cpp">
      <Filter>Source\System\ImGui</Filter>
    </ClCompile>
    <ClCompile Include="Source\System\Component\Camera.cpp">
      <Filter>Source\System\Component</Filter>
    </ClCompile>
    <ClCompile Include="Source\System\Object\CameraDCC.cpp">
      <Filter>Source\System\Object</Filter>
    </ClCompile>
    <ClCompile Include="Source\DirectX11\System\RenderManager.cpp">
      <Filter>Source\DirectX11\System</Filter>
    </ClCompile>
    <ClCompile Include="Source\System\SpriteManager\SpriteManagerLoader.cpp">
      <Filter>Source\System\SpriteManager</Filter>
    </ClCompile>
    <ClCompile Include="Source\System\SpriteManager\SpriteManagerSceneSelecter.cpp">
      <Filter>Source\System\SpriteManager</Filter>
    </ClCompile>
    <ClCompile Include="Source\System\SpriteManager\SpriteManagerWindow.cpp">
      <Filter>Source\System\SpriteManager</Filter>
    </ClCompile>
    <ClCompile Include="Source\System\SpriteManager\Sprite.cpp">
      <Filter>Source\System\SpriteManager</Filter>
    </ClCompile>
    <ClCompile Include="Source\System\SpriteManager\SpriteManager.cpp">
      <Filter>Source\System\SpriteManager</Filter>
    </ClCompile>
    <ClCompile Include="Source\System\SpriteManager\SpriteManagerHierarchy.cpp">
      <Filter>Source\System\SpriteManager</Filter>
    </ClCompile>
    <ClCompile Include="Source\System\SpriteManager\SpriteManagerInspector.cpp">
      <Filter>Source\System\SpriteManager</Filter>
    </ClCompile>
    <ClCompile Include="Source\DirectX11\Resource\Material.cpp">
      <Filter>Source\DirectX11\Resource</Filter>
    </ClCompile>
    <ClCompile Include="Source\DirectX11\Resource\MaterialManager.cpp">
      <Filter>Source\DirectX11\Resource</Filter>
    </ClCompile>
    <ClCompile Include="Source\DirectX11\Resource\Mesh.cpp">
      <Filter>Source\DirectX11\Resource</Filter>
    </ClCompile>
    <ClCompile Include="Source\DirectX11\Resource\ModelManager.cpp">
      <Filter>Source\DirectX11\Resource</Filter>
    </ClCompile>
    <ClCompile Include="Source\DirectX11\Resource\TextureManager.cpp">
      <Filter>Source\DirectX11\Resource</Filter>
    </ClCompile>
    <ClCompile Include="Source\DirectX11\Resource\ShaderManager.cpp">
      <Filter>Source\DirectX11\Resource</Filter>
    </ClCompile>
    <ClCompile Include="Source\DirectX11\Resource\ResourceSetting.cpp">
      <Filter>Source\DirectX11\Resource</Filter>
    </ClCompile>
    <ClCompile Include="Source\System\Object\SkyBoxObj.cpp">
      <Filter>Source\System\Object</Filter>
    </ClCompile>
    <ClCompile Include="Source\DirectX11\Resource\InstancedMesh.cpp">
      <Filter>Source\DirectX11\Resource</Filter>
    </ClCompile>
    <ClCompile Include="Source\DirectX11\Texture\InstancedMeshBuffer.cpp">
      <Filter>Source\DirectX11\Texture</Filter>
    </ClCompile>
    <ClCompile Include="Source\DirectX11\Resource\InstancedModelManager.cpp">
      <Filter>Source\DirectX11\Resource</Filter>
    </ClCompile>
    <ClCompile Include="Source\DirectX11\Resource\ShaderParam.cpp">
      <Filter>Source\DirectX11\Resource</Filter>
    </ClCompile>
    <ClCompile Include="Source\System\Sound\SoundManager.cpp">
      <Filter>Source\System\Sound</Filter>
    </ClCompile>
    <ClCompile Include="Source\System\Scene\SceneManager.cpp">
      <Filter>Source\System\Scene</Filter>
    </ClCompile>
    <ClCompile Include="Source\System\FadeManager\FadeManager.cpp">
      <Filter>Source\System\FadeManager</Filter>
    </ClCompile>
    <ClCompile Include="Source\System\CollisionManager\CollisionManager.cpp">
      <Filter>Source\System\CollisionManager</Filter>
    </ClCompile>
    <ClCompile Include="Source\System\CollisionManager\ColliderBase.cpp">
      <Filter>Source\System\CollisionManager</Filter>
    </ClCompile>
    <ClCompile Include="Source\System\Component\Collider\SphereCollider.cpp">
      <Filter>Source\System\Component\Collider</Filter>
    </ClCompile>
    <ClCompile Include="Source\System\Object\Object.cpp">
      <Filter>Source\System\Object</Filter>
    </ClCompile>
    <ClCompile Include="Source\DirectX11\Renderer\InstancedModelRenderer.cpp">
      <Filter>Source\DirectX11\Renderer</Filter>
    </ClCompile>
    <ClCompile Include="Source\DirectX11\Renderer\ModelRenderer.cpp">
      <Filter>Source\DirectX11\Renderer</Filter>
    </ClCompile>
    <ClCompile Include="Source\DirectX11\Renderer\RenderComponent.cpp">
      <Filter>Source\DirectX11\Renderer</Filter>
    </ClCompile>
    <ClCompile Include="Source\DirectX11\Renderer\SkyBoxRenderer.cpp">
      <Filter>Source\DirectX11\Renderer</Filter>
    </ClCompile>
    <ClCompile Include="Source\DirectX11\Renderer\SpriteRenderer.cpp">
      <Filter>Source\DirectX11\Renderer</Filter>
    </ClCompile>
    <ClCompile Include="Source\System\Object\CameraBaseObj.cpp">
      <Filter>Source\System\Object</Filter>
    </ClCompile>
    <ClCompile Include="Source\System\DebugManager\DebugManager.cpp">
      <Filter>Source\System\DebugManager</Filter>
    </ClCompile>
    <ClCompile Include="Source\System\DebugManager\DebugWindow.cpp">
      <Filter>Source\System\DebugManager</Filter>
    </ClCompile>
  </ItemGroup>
  <ItemGroup>
    <ClInclude Include="Source\DirectX11\DX11_Core.hpp">
      <Filter>Source\DirectX11</Filter>
    </ClInclude>
    <ClInclude Include="Source\DirectX11\Texture\MeshBuffer.hpp">
      <Filter>Source\DirectX11\Texture</Filter>
    </ClInclude>
    <ClInclude Include="Source\DirectX11\Texture\Shader.hpp">
      <Filter>Source\DirectX11\Texture</Filter>
    </ClInclude>
    <ClInclude Include="Source\DirectX11\Texture\Texture.hpp">
      <Filter>Source\DirectX11\Texture</Filter>
    </ClInclude>
    <ClInclude Include="Source\DirectX11\Texture\UnorderedAccessView.hpp">
      <Filter>Source\DirectX11\Texture</Filter>
    </ClInclude>
    <ClInclude Include="Source\pch.h">
      <Filter>Source</Filter>
    </ClInclude>
    <ClInclude Include="Source\System\ryuu_lib\Singleton\Singleton.hpp">
      <Filter>Source\System\ryuu_lib\Singleton</Filter>
    </ClInclude>
    <ClInclude Include="Source\System\ryuu_lib\Singleton\SingletonController.hpp">
      <Filter>Source\System\ryuu_lib\Singleton</Filter>
    </ClInclude>
    <ClInclude Include="Source\System\ryuu_lib\WindowGenerator\Window.hpp">
      <Filter>Source\System\ryuu_lib\WindowGenerator</Filter>
    </ClInclude>
    <ClInclude Include="Source\System\ryuu_lib\RandomModule\Random.hpp">
      <Filter>Source\System\ryuu_lib\RandomModule</Filter>
    </ClInclude>
    <ClInclude Include="Source\System\ryuu_lib\Observer\Observer.hpp">
      <Filter>Source\System\ryuu_lib\Observer</Filter>
    </ClInclude>
    <ClInclude Include="Source\System\ryuu_lib\IME_Controller\IME.hpp">
      <Filter>Source\System\ryuu_lib\IME_Controller</Filter>
    </ClInclude>
    <ClInclude Include="Source\System\ryuu_lib\FrameManager\FrameManager.hpp">
      <Filter>Source\System\ryuu_lib\FrameManager</Filter>
    </ClInclude>
    <ClInclude Include="Source\System\ryuu_lib\Easing\Easing.hpp">
      <Filter>Source\System\ryuu_lib\Easing</Filter>
    </ClInclude>
    <ClInclude Include="Source\System\ryuu_lib\CRC31_HashGenerator\HashGenerator.hpp">
      <Filter>Source\System\ryuu_lib\CRC31_HashGenerator</Filter>
    </ClInclude>
    <ClInclude Include="Source\EntryPoint.hpp">
      <Filter>Source</Filter>
    </ClInclude>
    <ClInclude Include="Source\App\Main.hpp">
      <Filter>Source\App</Filter>
    </ClInclude>
    <ClInclude Include="Source\System\Input\Input.hpp">
      <Filter>Source\System\Input</Filter>
    </ClInclude>
    <ClInclude Include="Source\System\Scene\SceneBase.hpp">
      <Filter>Source\System\Scene</Filter>
    </ClInclude>
    <ClInclude Include="Source\System\ImGui\imgui.h">
      <Filter>Source\System\ImGui</Filter>
    </ClInclude>
    <ClInclude Include="Source\System\ImGui\imgui_internal.h">
      <Filter>Source\System\ImGui</Filter>
    </ClInclude>
    <ClInclude Include="Source\System\ImGui\imstb_rectpack.h">
      <Filter>Source\System\ImGui</Filter>
    </ClInclude>
    <ClInclude Include="Source\System\ImGui\imstb_textedit.h">
      <Filter>Source\System\ImGui</Filter>
    </ClInclude>
    <ClInclude Include="Source\System\ImGui\imstb_truetype.h">
      <Filter>Source\System\ImGui</Filter>
    </ClInclude>
    <ClInclude Include="Source\System\ImGui\imconfig.h">
      <Filter>Source\System\ImGui</Filter>
    </ClInclude>
    <ClInclude Include="Source\System\Scene\SceneRoot.hpp">
      <Filter>Source\System\Scene</Filter>
    </ClInclude>
    <ClInclude Include="Source\DirectX11\System\Geometory.hpp">
      <Filter>Source\DirectX11\System</Filter>
    </ClInclude>
    <ClInclude Include="Source\System\Object\GameObject.hpp">
      <Filter>Source\System\Object</Filter>
    </ClInclude>
    <ClInclude Include="Source\System\Component\Component.hpp">
      <Filter>Source\System\Component</Filter>
    </ClInclude>
    <ClInclude Include="Source\System\ImGui\imgui_impl_dx11.h">
      <Filter>Source\System\ImGui</Filter>
    </ClInclude>
    <ClInclude Include="Source\System\ImGui\imgui_impl_win32.h">
      <Filter>Source\System\ImGui</Filter>
    </ClInclude>
    <ClInclude Include="Source\Defines.hpp">
      <Filter>Source</Filter>
    </ClInclude>
    <ClInclude Include="Source\System\Component\Camera.hpp">
      <Filter>Source\System\Component</Filter>
    </ClInclude>
    <ClInclude Include="Source\System\Object\CameraDCC.hpp">
      <Filter>Source\System\Object</Filter>
    </ClInclude>
    <ClInclude Include="Source\DirectX11\System\DX11_Math.hpp">
      <Filter>Source\DirectX11\System</Filter>
    </ClInclude>
    <ClInclude Include="Source\DirectX11\System\RenderManager.hpp">
      <Filter>Source\DirectX11\System</Filter>
    </ClInclude>
    <ClInclude Include="Source\System\SpriteManager\SpriteManagerInspector.hpp">
      <Filter>Source\System\SpriteManager</Filter>
    </ClInclude>
    <ClInclude Include="Source\System\SpriteManager\SpriteManagerLoader.hpp">
      <Filter>Source\System\SpriteManager</Filter>
    </ClInclude>
    <ClInclude Include="Source\System\SpriteManager\SpriteManagerSceneSelecter.hpp">
      <Filter>Source\System\SpriteManager</Filter>
    </ClInclude>
    <ClInclude Include="Source\System\SpriteManager\SpriteManagerWindow.hpp">
      <Filter>Source\System\SpriteManager</Filter>
    </ClInclude>
    <ClInclude Include="Source\System\SpriteManager\Sprite.hpp">
      <Filter>Source\System\SpriteManager</Filter>
    </ClInclude>
    <ClInclude Include="Source\System\SpriteManager\SpriteManager.hpp">
      <Filter>Source\System\SpriteManager</Filter>
    </ClInclude>
    <ClInclude Include="Source\System\SpriteManager\SpriteManagerHierarchy.hpp">
      <Filter>Source\System\SpriteManager</Filter>
    </ClInclude>
    <ClInclude Include="Source\DirectX11\Resource\Material.hpp">
      <Filter>Source\DirectX11\Resource</Filter>
    </ClInclude>
    <ClInclude Include="Source\DirectX11\Resource\MaterialManager.hpp">
      <Filter>Source\DirectX11\Resource</Filter>
    </ClInclude>
    <ClInclude Include="Source\DirectX11\Resource\Mesh.hpp">
      <Filter>Source\DirectX11\Resource</Filter>
    </ClInclude>
    <ClInclude Include="Source\DirectX11\Resource\ModelManager.hpp">
      <Filter>Source\DirectX11\Resource</Filter>
    </ClInclude>
    <ClInclude Include="Source\DirectX11\Resource\TextureManager.hpp">
      <Filter>Source\DirectX11\Resource</Filter>
    </ClInclude>
    <ClInclude Include="Source\DirectX11\Resource\ResourceSetting.hpp">
      <Filter>Source\DirectX11\Resource</Filter>
    </ClInclude>
    <ClInclude Include="Source\DirectX11\Resource\ShaderManager.hpp">
      <Filter>Source\DirectX11\Resource</Filter>
    </ClInclude>
    <ClInclude Include="Source\System\Object\SkyBoxObj.hpp">
      <Filter>Source\System\Object</Filter>
    </ClInclude>
    <ClInclude Include="Source\DirectX11\Resource\InstancedMesh.hpp">
      <Filter>Source\DirectX11\Resource</Filter>
    </ClInclude>
    <ClInclude Include="Source\DirectX11\Texture\InstancedMeshBuffer.hpp">
      <Filter>Source\DirectX11\Texture</Filter>
    </ClInclude>
    <ClInclude Include="Source\DirectX11\Resource\InstancedModelManager.hpp">
      <Filter>Source\DirectX11\Resource</Filter>
    </ClInclude>
    <ClInclude Include="Source\DirectX11\Resource\ShaderParam.hpp">
      <Filter>Source\DirectX11\Resource</Filter>
    </ClInclude>
    <ClInclude Include="Source\System\Sound\SoundManager.hpp">
      <Filter>Source\System\Sound</Filter>
    </ClInclude>
    <ClInclude Include="Source\System\Scene\SceneManager.hpp">
      <Filter>Source\System\Scene</Filter>
    </ClInclude>
    <ClInclude Include="Source\System\FadeManager\FadeManager.hpp">
      <Filter>Source\System\FadeManager</Filter>
    </ClInclude>
    <ClInclude Include="Source\System\CollisionManager\CollisionManager.hpp">
      <Filter>Source\System\CollisionManager</Filter>
    </ClInclude>
    <ClInclude Include="Source\System\CollisionManager\ColliderBase.hpp">
      <Filter>Source\System\CollisionManager</Filter>
    </ClInclude>
    <ClInclude Include="Source\System\Component\Collider\SphereCollider.hpp">
      <Filter>Source\System\Component\Collider</Filter>
    </ClInclude>
    <ClInclude Include="Source\System\Object\Object.hpp">
      <Filter>Source\System\Object</Filter>
    </ClInclude>
    <ClInclude Include="Source\DirectX11\Renderer\InstancedModelRenderer.hpp">
      <Filter>Source\DirectX11\Renderer</Filter>
    </ClInclude>
    <ClInclude Include="Source\DirectX11\Renderer\ModelRenderer.hpp">
      <Filter>Source\DirectX11\Renderer</Filter>
    </ClInclude>
    <ClInclude Include="Source\DirectX11\Renderer\RenderComponent.hpp">
      <Filter>Source\DirectX11\Renderer</Filter>
    </ClInclude>
    <ClInclude Include="Source\DirectX11\Renderer\SkyBoxRenderer.hpp">
      <Filter>Source\DirectX11\Renderer</Filter>
    </ClInclude>
    <ClInclude Include="Source\DirectX11\Renderer\SpriteRenderer.hpp">
      <Filter>Source\DirectX11\Renderer</Filter>
    </ClInclude>
    <ClInclude Include="Source\System\Object\CameraBaseObj.hpp">
      <Filter>Source\System\Object</Filter>
    </ClInclude>
    <ClInclude Include="Source\System\DebugManager\DebugManager.hpp">
      <Filter>Source\System\DebugManager</Filter>
    </ClInclude>
    <ClInclude Include="Source\System\DebugManager\DebugWindow.hpp">
      <Filter>Source\System\DebugManager</Filter>
    </ClInclude>
  </ItemGroup>
  <ItemGroup>
    <None Include="packages.config" />
    <None Include="ClassDiagram.cd" />
  </ItemGroup>
  <ItemGroup>
    <FxCompile Include="Source\Shader\Original\PS_Sprite.hlsl">
      <Filter>リソース ファイル\Shader\Original</Filter>
    </FxCompile>
    <FxCompile Include="Source\Shader\Original\VS_Geometory.hlsl">
      <Filter>リソース ファイル\Shader\Original</Filter>
    </FxCompile>
    <FxCompile Include="Source\Shader\Original\VS_Model.hlsl">
      <Filter>リソース ファイル\Shader\Original</Filter>
    </FxCompile>
    <FxCompile Include="Source\Shader\Original\VS_Sprite.hlsl">
      <Filter>リソース ファイル\Shader\Original</Filter>
    </FxCompile>
    <FxCompile Include="Source\Shader\Original\PS_Geometory.hlsl">
      <Filter>リソース ファイル\Shader\Original</Filter>
    </FxCompile>
    <FxCompile Include="Source\Shader\Original\PS_Model.hlsl">
      <Filter>リソース ファイル\Shader\Original</Filter>
    </FxCompile>
    <FxCompile Include="Source\Shader\VertexShader\VS_Object.hlsl">
      <Filter>リソース ファイル\Shader\VertexShader</Filter>
    </FxCompile>
    <FxCompile Include="Source\Shader\PixelShader\PS_TexColor.hlsl">
      <Filter>リソース ファイル\Shader\PixelShader</Filter>
    </FxCompile>
    <FxCompile Include="Source\Shader\VertexShader\IVS_InstancedObject.hlsl">
      <Filter>リソース ファイル\Shader\VertexShader</Filter>
    </FxCompile>
    <FxCompile Include="Source\Shader\PixelShader\PS_POM.hlsl">
      <Filter>リソース ファイル\Shader\PixelShader</Filter>
    </FxCompile>
    <FxCompile Include="Source\Shader\VertexShader\IVS_Bumpmap.hlsl">
      <Filter>リソース ファイル\Shader\VertexShader</Filter>
    </FxCompile>
    <FxCompile Include="Source\Shader\VertexShader\VS_Bumpmap.hlsl">
      <Filter>リソース ファイル\Shader\VertexShader</Filter>
    </FxCompile>
    <FxCompile Include="Source\Shader\PixelShader\PS_PatternScale.hlsl">
      <Filter>リソース ファイル\Shader\PixelShader</Filter>
    </FxCompile>
  </ItemGroup>
</Project>