<?xml version="1.0" encoding="utf-8"?>
<Project ToolsVersion="4.0" xmlns="http://schemas.microsoft.com/developer/msbuild/2003">
  <ItemGroup>
    <None Include="packages.config" />
    <None Include="ClassDiagram.cd" />
    <None Include="cpp.hint" />
  </ItemGroup>
  <ItemGroup>
    <Filter Include="Engine">
      <UniqueIdentifier>{313b8813-2552-4013-93eb-d5f58e44f28e}</UniqueIdentifier>
    </Filter>
    <Filter Include="Engine\Core">
      <UniqueIdentifier>{b3d92f5b-8b68-4fd6-bd7d-a871f54f6163}</UniqueIdentifier>
    </Filter>
    <Filter Include="Engine\EntryPoint">
      <UniqueIdentifier>{fcbc3ac8-6460-4c54-8807-295b3bc57f2d}</UniqueIdentifier>
    </Filter>
    <Filter Include="Engine\Shaders">
      <UniqueIdentifier>{69c9c2cd-c99a-45e3-9ff6-19f5b386b6c9}</UniqueIdentifier>
    </Filter>
    <Filter Include="Engine\ThirdParty">
      <UniqueIdentifier>{ac279576-98ac-4359-8694-938782d53a81}</UniqueIdentifier>
    </Filter>
    <Filter Include="Engine\ryuu_lib">
      <UniqueIdentifier>{5e3efb9a-a034-4ad9-b529-260f38005570}</UniqueIdentifier>
    </Filter>
    <Filter Include="Engine\Core\DirectX11">
      <UniqueIdentifier>{7ccac925-3b40-4c87-b7cf-5d697f044303}</UniqueIdentifier>
    </Filter>
    <Filter Include="Engine\Core\System">
      <UniqueIdentifier>{daf4a1ed-17a2-45cf-abed-3901f4548c75}</UniqueIdentifier>
    </Filter>
    <Filter Include="Engine\Core\DirectX11\Renderer">
      <UniqueIdentifier>{1f4ab04d-1146-4135-be32-1bc1938f5f2c}</UniqueIdentifier>
    </Filter>
    <Filter Include="Engine\Core\DirectX11\Resource">
      <UniqueIdentifier>{ff7b2166-10c5-4e64-98a6-31d37e03ed09}</UniqueIdentifier>
    </Filter>
    <Filter Include="Engine\Core\DirectX11\ResourceManager">
      <UniqueIdentifier>{7e426195-d9e3-4c1a-9688-99bba0737451}</UniqueIdentifier>
    </Filter>
    <Filter Include="Engine\Core\DirectX11\System">
      <UniqueIdentifier>{84e686e6-6f24-4210-9951-be04f4138fcc}</UniqueIdentifier>
    </Filter>
    <Filter Include="Engine\Core\DirectX11\Resource\MesheResource">
      <UniqueIdentifier>{feb1611e-f10a-40bd-9a97-059e5bde1345}</UniqueIdentifier>
    </Filter>
    <Filter Include="Engine\Core\DirectX11\Resource\ShaderResource">
      <UniqueIdentifier>{221f7f8c-1c57-41c5-bbdf-70487c95d4b5}</UniqueIdentifier>
    </Filter>
    <Filter Include="Engine\Core\DirectX11\System\Particle">
      <UniqueIdentifier>{5086d289-2de5-4279-a9b7-f4138f02f1fb}</UniqueIdentifier>
    </Filter>
    <Filter Include="Engine\Core\DirectX11\System\Particle\Core">
      <UniqueIdentifier>{f68706e7-c205-4546-a7b2-a533b1acbf8a}</UniqueIdentifier>
    </Filter>
    <Filter Include="Engine\Core\DirectX11\System\Particle\Components">
      <UniqueIdentifier>{b7356017-0eca-47c2-a82c-f6602dc38d42}</UniqueIdentifier>
    </Filter>
    <Filter Include="Engine\Core\System\Component">
      <UniqueIdentifier>{174fbf91-7a33-47a4-bfc7-6e812a88b760}</UniqueIdentifier>
    </Filter>
    <Filter Include="Engine\Core\System\CPON">
      <UniqueIdentifier>{82ff5062-fdd0-4933-ad8f-6099700a241d}</UniqueIdentifier>
    </Filter>
    <Filter Include="Engine\Core\System\Input">
      <UniqueIdentifier>{b4fd3f7d-41c3-42ed-b550-d473f2dfec9c}</UniqueIdentifier>
    </Filter>
    <Filter Include="Engine\Core\System\Utility">
      <UniqueIdentifier>{a0b3bf75-4053-4791-a457-14ab3074815a}</UniqueIdentifier>
    </Filter>
    <Filter Include="Engine\Core\System\SpriteManager">
      <UniqueIdentifier>{ca51bb59-39cd-4bf7-98b5-d4628d91bb89}</UniqueIdentifier>
    </Filter>
    <Filter Include="Engine\Core\System\Scene">
      <UniqueIdentifier>{f389f8fe-1ec7-49e6-980b-bc3507d55e6c}</UniqueIdentifier>
    </Filter>
    <Filter Include="Engine\Core\System\Object">
      <UniqueIdentifier>{a6cddae8-2914-4706-9dee-7e4cda95931b}</UniqueIdentifier>
    </Filter>
    <Filter Include="Engine\Core\System\Managers">
      <UniqueIdentifier>{98e4b5f0-a08c-4eea-ab4d-b06114a96442}</UniqueIdentifier>
    </Filter>
    <Filter Include="Engine\Core\System\Component\Collider">
      <UniqueIdentifier>{13d63491-de84-4652-8471-747f23abcd90}</UniqueIdentifier>
    </Filter>
    <Filter Include="Engine\Core\System\Managers\CollisionManager">
      <UniqueIdentifier>{3ffaaef8-9b2a-415a-97ab-49c8dce23eac}</UniqueIdentifier>
    </Filter>
    <Filter Include="Engine\Core\System\Managers\DebugManager">
      <UniqueIdentifier>{212845cb-f8dc-47dc-820f-f1e4ea4575d0}</UniqueIdentifier>
    </Filter>
    <Filter Include="Engine\ryuu_lib\CRC31_HashGenerator">
      <UniqueIdentifier>{b82a7480-e1ec-404a-a957-3b1ac0d3343a}</UniqueIdentifier>
    </Filter>
    <Filter Include="Engine\ryuu_lib\Easing">
      <UniqueIdentifier>{5a4b15b9-e8a1-4d00-9f4f-d3fc60290db2}</UniqueIdentifier>
    </Filter>
    <Filter Include="Engine\ryuu_lib\FrameManager">
      <UniqueIdentifier>{21a99fb6-9197-4af7-bd63-f0692338f8a2}</UniqueIdentifier>
    </Filter>
    <Filter Include="Engine\ryuu_lib\IME_Controller">
      <UniqueIdentifier>{54fcc03b-4d90-47d0-ae6d-32f85983fc77}</UniqueIdentifier>
    </Filter>
    <Filter Include="Engine\ryuu_lib\MultiComparison">
      <UniqueIdentifier>{5d752ad2-4b69-4381-a4a1-5b67c21260ce}</UniqueIdentifier>
    </Filter>
    <Filter Include="Engine\ryuu_lib\WindowGenerator">
      <UniqueIdentifier>{eb8c5373-b7b3-4293-a1a8-d5f2761a6ee7}</UniqueIdentifier>
    </Filter>
    <Filter Include="Engine\ryuu_lib\Singleton">
      <UniqueIdentifier>{46457011-658b-41c3-b868-83c294cedfae}</UniqueIdentifier>
    </Filter>
    <Filter Include="Engine\ryuu_lib\RandomModule">
      <UniqueIdentifier>{23d57945-b034-4ae5-9c45-d71e48d8c049}</UniqueIdentifier>
    </Filter>
    <Filter Include="Engine\ryuu_lib\Observer">
      <UniqueIdentifier>{c22a093d-dc3c-4634-b4ad-1bbc3dbf61db}</UniqueIdentifier>
    </Filter>
    <Filter Include="Engine\ryuu_lib\FrameManager\Timer">
      <UniqueIdentifier>{a8c89def-8c97-40a5-bcd6-7f130864a24f}</UniqueIdentifier>
    </Filter>
    <Filter Include="Engine\Shaders\PixelShader">
      <UniqueIdentifier>{b106a27f-364b-4ed8-9986-9b4189801fe9}</UniqueIdentifier>
    </Filter>
    <Filter Include="Engine\Shaders\VertexShader">
      <UniqueIdentifier>{db03f831-053a-4b8b-a1e7-bcc1657d9c34}</UniqueIdentifier>
    </Filter>
    <Filter Include="Engine\Shaders\PixelShader\Shadow">
      <UniqueIdentifier>{f6c65478-800c-4e4f-9339-c295bcda73ef}</UniqueIdentifier>
    </Filter>
    <Filter Include="Engine\ThirdParty\ImGui">
      <UniqueIdentifier>{28b6f403-b9ec-4edd-a2e1-d641edf0c59a}</UniqueIdentifier>
    </Filter>
    <Filter Include="Game">
      <UniqueIdentifier>{4dda4223-894e-469b-a87d-c3cd55ed5709}</UniqueIdentifier>
    </Filter>
    <Filter Include="Game\Source">
      <UniqueIdentifier>{f0d793d5-dec2-49c8-9ccf-2752fab45bd8}</UniqueIdentifier>
    </Filter>
    <Filter Include="Engine\Core\System\Component\Camera">
      <UniqueIdentifier>{a3f4fb9e-7e99-4ec6-ae91-78858e350e95}</UniqueIdentifier>
    </Filter>
  </ItemGroup>
  <ItemGroup>
    <ClCompile Include="Engine\Core\DirectX11\Renderer\InstancedModelRenderer.cpp">
      <Filter>Engine\Core\DirectX11\Renderer</Filter>
    </ClCompile>
    <ClCompile Include="Engine\Core\DirectX11\Renderer\LineRenderer.cpp">
      <Filter>Engine\Core\DirectX11\Renderer</Filter>
    </ClCompile>
    <ClCompile Include="Engine\Core\DirectX11\Renderer\ModelRenderer.cpp">
      <Filter>Engine\Core\DirectX11\Renderer</Filter>
    </ClCompile>
    <ClCompile Include="Engine\Core\DirectX11\Renderer\RenderComponent.cpp">
      <Filter>Engine\Core\DirectX11\Renderer</Filter>
    </ClCompile>
    <ClCompile Include="Engine\Core\DirectX11\Renderer\RTSpriteRenderer.cpp">
      <Filter>Engine\Core\DirectX11\Renderer</Filter>
    </ClCompile>
    <ClCompile Include="Engine\Core\DirectX11\Renderer\SkyBoxRenderer.cpp">
      <Filter>Engine\Core\DirectX11\Renderer</Filter>
    </ClCompile>
    <ClCompile Include="Engine\Core\DirectX11\Renderer\SpriteRenderer.cpp">
      <Filter>Engine\Core\DirectX11\Renderer</Filter>
    </ClCompile>
    <ClCompile Include="Engine\Core\DirectX11\Resource\Material.cpp">
      <Filter>Engine\Core\DirectX11\Resource</Filter>
    </ClCompile>
    <ClCompile Include="Engine\Core\DirectX11\Resource\ResourceSetting.cpp">
      <Filter>Engine\Core\DirectX11\Resource</Filter>
    </ClCompile>
    <ClCompile Include="Engine\Core\DirectX11\Resource\Texture.cpp">
      <Filter>Engine\Core\DirectX11\Resource</Filter>
    </ClCompile>
    <ClCompile Include="Engine\Core\DirectX11\Resource\MesheResource\InstancedMesh.cpp">
      <Filter>Engine\Core\DirectX11\Resource\MesheResource</Filter>
    </ClCompile>
    <ClCompile Include="Engine\Core\DirectX11\Resource\MesheResource\InstancedMeshBuffer.cpp">
      <Filter>Engine\Core\DirectX11\Resource\MesheResource</Filter>
    </ClCompile>
    <ClCompile Include="Engine\Core\DirectX11\Resource\MesheResource\Mesh.cpp">
      <Filter>Engine\Core\DirectX11\Resource\MesheResource</Filter>
    </ClCompile>
    <ClCompile Include="Engine\Core\DirectX11\Resource\MesheResource\MeshBuffer.cpp">
      <Filter>Engine\Core\DirectX11\Resource\MesheResource</Filter>
    </ClCompile>
    <ClCompile Include="Engine\Core\DirectX11\Resource\ShaderResource\Shader.cpp">
      <Filter>Engine\Core\DirectX11\Resource\ShaderResource</Filter>
    </ClCompile>
    <ClCompile Include="Engine\Core\DirectX11\Resource\ShaderResource\ShaderParam.cpp">
      <Filter>Engine\Core\DirectX11\Resource\ShaderResource</Filter>
    </ClCompile>
    <ClCompile Include="Engine\Core\DirectX11\Resource\ShaderResource\UnorderedAccessView.cpp">
      <Filter>Engine\Core\DirectX11\Resource\ShaderResource</Filter>
    </ClCompile>
    <ClCompile Include="Engine\Core\DirectX11\ResourceManager\InstancedModelManager.cpp">
      <Filter>Engine\Core\DirectX11\ResourceManager</Filter>
    </ClCompile>
    <ClCompile Include="Engine\Core\DirectX11\ResourceManager\MaterialManager.cpp">
      <Filter>Engine\Core\DirectX11\ResourceManager</Filter>
    </ClCompile>
    <ClCompile Include="Engine\Core\DirectX11\ResourceManager\ModelManager.cpp">
      <Filter>Engine\Core\DirectX11\ResourceManager</Filter>
    </ClCompile>
    <ClCompile Include="Engine\Core\DirectX11\ResourceManager\RenderTargetManager.cpp">
      <Filter>Engine\Core\DirectX11\ResourceManager</Filter>
    </ClCompile>
    <ClCompile Include="Engine\Core\DirectX11\ResourceManager\ShaderManager.cpp">
      <Filter>Engine\Core\DirectX11\ResourceManager</Filter>
    </ClCompile>
    <ClCompile Include="Engine\Core\DirectX11\ResourceManager\TextureManager.cpp">
      <Filter>Engine\Core\DirectX11\ResourceManager</Filter>
    </ClCompile>
    <ClCompile Include="Engine\Core\DirectX11\System\Particle\Components\ParticleEffect.cpp">
      <Filter>Engine\Core\DirectX11\System\Particle\Components</Filter>
    </ClCompile>
    <ClCompile Include="Engine\Core\DirectX11\System\Particle\Core\Particle.cpp">
      <Filter>Engine\Core\DirectX11\System\Particle\Core</Filter>
    </ClCompile>
    <ClCompile Include="Engine\Core\DirectX11\System\Particle\Core\ParticleEmitter.cpp">
      <Filter>Engine\Core\DirectX11\System\Particle\Core</Filter>
    </ClCompile>
    <ClCompile Include="Engine\Core\DirectX11\System\Particle\Core\ParticlePoolManager.cpp">
      <Filter>Engine\Core\DirectX11\System\Particle\Core</Filter>
    </ClCompile>
    <ClCompile Include="Engine\Core\DirectX11\System\Gizmos.cpp">
      <Filter>Engine\Core\DirectX11\System</Filter>
    </ClCompile>
    <ClCompile Include="Engine\Core\DirectX11\System\RenderContext.cpp">
      <Filter>Engine\Core\DirectX11\System</Filter>
    </ClCompile>
    <ClCompile Include="Engine\Core\DirectX11\System\RenderManager.cpp">
      <Filter>Engine\Core\DirectX11\System</Filter>
    </ClCompile>
    <ClCompile Include="Engine\Core\DirectX11\DX11_Core.cpp">
      <Filter>Engine\Core\DirectX11</Filter>
    </ClCompile>
    <ClCompile Include="Engine\Core\pch.cpp">
      <Filter>Engine\Core</Filter>
    </ClCompile>
    <ClCompile Include="Engine\Core\System\Component\Collider\BoxCollider.cpp">
      <Filter>Engine\Core\System\Component\Collider</Filter>
    </ClCompile>
    <ClCompile Include="Engine\Core\System\Component\Collider\CapsuleCollider.cpp">
      <Filter>Engine\Core\System\Component\Collider</Filter>
    </ClCompile>
    <ClCompile Include="Engine\Core\System\Component\Collider\ColliderBase.cpp">
      <Filter>Engine\Core\System\Component\Collider</Filter>
    </ClCompile>
    <ClCompile Include="Engine\Core\System\Component\Collider\SphereCollider.cpp">
      <Filter>Engine\Core\System\Component\Collider</Filter>
    </ClCompile>
    <ClCompile Include="Engine\Core\System\Component\Component.cpp">
      <Filter>Engine\Core\System\Component</Filter>
    </ClCompile>
    <ClCompile Include="Engine\Core\System\Component\MovementComponent.cpp">
      <Filter>Engine\Core\System\Component</Filter>
    </ClCompile>
    <ClCompile Include="Engine\Core\System\Component\PlayerController.cpp">
      <Filter>Engine\Core\System\Component</Filter>
    </ClCompile>
    <ClCompile Include="Engine\Core\System\Component\Transform.cpp">
      <Filter>Engine\Core\System\Component</Filter>
    </ClCompile>
    <ClCompile Include="Engine\Core\System\CPON\cpon.cpp">
      <Filter>Engine\Core\System\CPON</Filter>
    </ClCompile>
    <ClCompile Include="Engine\Core\System\CPON\cpon_object.cpp">
      <Filter>Engine\Core\System\CPON</Filter>
    </ClCompile>
    <ClCompile Include="Engine\Core\System\Input\Input.cpp">
      <Filter>Engine\Core\System\Input</Filter>
    </ClCompile>
    <ClCompile Include="Engine\Core\System\Input\InputSystem.cpp">
      <Filter>Engine\Core\System\Input</Filter>
    </ClCompile>
    <ClCompile Include="Engine\Core\System\Managers\CollisionManager\CollisionManager.cpp">
      <Filter>Engine\Core\System\Managers\CollisionManager</Filter>
    </ClCompile>
    <ClCompile Include="Engine\Core\System\Managers\CollisionManager\OctreeCell.cpp">
      <Filter>Engine\Core\System\Managers\CollisionManager</Filter>
    </ClCompile>
    <ClCompile Include="Engine\Core\System\Managers\CollisionManager\TreeData.cpp">
      <Filter>Engine\Core\System\Managers\CollisionManager</Filter>
    </ClCompile>
    <ClCompile Include="Engine\Core\System\Managers\DebugManager\DebugItem.cpp">
      <Filter>Engine\Core\System\Managers\DebugManager</Filter>
    </ClCompile>
    <ClCompile Include="Engine\Core\System\Managers\DebugManager\DebugManager.cpp">
      <Filter>Engine\Core\System\Managers\DebugManager</Filter>
    </ClCompile>
    <ClCompile Include="Engine\Core\System\Managers\DebugManager\DebugWindow.cpp">
      <Filter>Engine\Core\System\Managers\DebugManager</Filter>
    </ClCompile>
    <ClCompile Include="Engine\Core\System\Managers\DebugManager\InitializeImGui.cpp">
      <Filter>Engine\Core\System\Managers\DebugManager</Filter>
    </ClCompile>
    <ClCompile Include="Engine\Core\System\Managers\CameraManager.cpp">
      <Filter>Engine\Core\System\Managers</Filter>
    </ClCompile>
    <ClCompile Include="Engine\Core\System\Managers\FadeManager.cpp">
      <Filter>Engine\Core\System\Managers</Filter>
    </ClCompile>
    <ClCompile Include="Engine\Core\System\Managers\SceneManager.cpp">
      <Filter>Engine\Core\System\Managers</Filter>
    </ClCompile>
    <ClCompile Include="Engine\Core\System\Managers\SoundManager.cpp">
      <Filter>Engine\Core\System\Managers</Filter>
    </ClCompile>
    <ClCompile Include="Engine\Core\System\Object\CameraObj.cpp">
      <Filter>Engine\Core\System\Object</Filter>
    </ClCompile>
    <ClCompile Include="Engine\Core\System\Object\GameObject.cpp">
      <Filter>Engine\Core\System\Object</Filter>
    </ClCompile>
    <ClCompile Include="Engine\Core\System\Object\GridObject.cpp">
      <Filter>Engine\Core\System\Object</Filter>
    </ClCompile>
    <ClCompile Include="Engine\Core\System\Object\Object.cpp">
      <Filter>Engine\Core\System\Object</Filter>
    </ClCompile>
    <ClCompile Include="Engine\Core\System\Object\SkyBoxObj.cpp">
      <Filter>Engine\Core\System\Object</Filter>
    </ClCompile>
    <ClCompile Include="Engine\Core\System\Scene\SceneBase.cpp">
      <Filter>Engine\Core\System\Scene</Filter>
    </ClCompile>
    <ClCompile Include="Engine\Core\System\Scene\SceneRoot.cpp">
      <Filter>Engine\Core\System\Scene</Filter>
    </ClCompile>
    <ClCompile Include="Engine\Core\System\SpriteManager\SpriteManager.cpp">
      <Filter>Engine\Core\System\SpriteManager</Filter>
    </ClCompile>
    <ClCompile Include="Engine\Core\System\SpriteManager\SpriteManagerHierarchy.cpp">
      <Filter>Engine\Core\System\SpriteManager</Filter>
    </ClCompile>
    <ClCompile Include="Engine\Core\System\SpriteManager\SpriteManagerInspector.cpp">
      <Filter>Engine\Core\System\SpriteManager</Filter>
    </ClCompile>
    <ClCompile Include="Engine\Core\System\SpriteManager\SpriteManagerLoader.cpp">
      <Filter>Engine\Core\System\SpriteManager</Filter>
    </ClCompile>
    <ClCompile Include="Engine\Core\System\SpriteManager\SpriteManagerSceneSelecter.cpp">
      <Filter>Engine\Core\System\SpriteManager</Filter>
    </ClCompile>
    <ClCompile Include="Engine\Core\System\SpriteManager\SpriteManagerWindow.cpp">
      <Filter>Engine\Core\System\SpriteManager</Filter>
    </ClCompile>
    <ClCompile Include="Engine\Core\System\Utility\Utility.cpp">
      <Filter>Engine\Core\System\Utility</Filter>
    </ClCompile>
    <ClCompile Include="Engine\EntryPoint\EntryPoint.cpp">
      <Filter>Engine\EntryPoint</Filter>
    </ClCompile>
    <ClCompile Include="Engine\EntryPoint\Main.cpp">
      <Filter>Engine\EntryPoint</Filter>
    </ClCompile>
    <ClCompile Include="Engine\ryuu_lib\CRC31_HashGenerator\HashGenerator.cpp">
      <Filter>Engine\ryuu_lib\CRC31_HashGenerator</Filter>
    </ClCompile>
    <ClCompile Include="Engine\ryuu_lib\Easing\Easing.cpp">
      <Filter>Engine\ryuu_lib\Easing</Filter>
    </ClCompile>
    <ClCompile Include="Engine\ryuu_lib\FrameManager\FrameManager.cpp">
      <Filter>Engine\ryuu_lib\FrameManager</Filter>
    </ClCompile>
    <ClCompile Include="Engine\ryuu_lib\FrameManager\Timer\Timer.cpp">
      <Filter>Engine\ryuu_lib\FrameManager\Timer</Filter>
    </ClCompile>
    <ClCompile Include="Engine\ryuu_lib\IME_Controller\IME.cpp">
      <Filter>Engine\ryuu_lib\IME_Controller</Filter>
    </ClCompile>
    <ClCompile Include="Engine\ryuu_lib\Observer\Observer.cpp">
      <Filter>Engine\ryuu_lib\Observer</Filter>
    </ClCompile>
    <ClCompile Include="Engine\ryuu_lib\RandomModule\Random.cpp">
      <Filter>Engine\ryuu_lib\RandomModule</Filter>
    </ClCompile>
    <ClCompile Include="Engine\ryuu_lib\Singleton\SingletonController.cpp">
      <Filter>Engine\ryuu_lib\Singleton</Filter>
    </ClCompile>
    <ClCompile Include="Engine\ryuu_lib\WindowGenerator\Window.cpp">
      <Filter>Engine\ryuu_lib\WindowGenerator</Filter>
    </ClCompile>
    <ClCompile Include="Engine\ThirdParty\ImGui\imgui.cpp">
      <Filter>Engine\ThirdParty\ImGui</Filter>
    </ClCompile>
    <ClCompile Include="Engine\ThirdParty\ImGui\imgui_demo.cpp">
      <Filter>Engine\ThirdParty\ImGui</Filter>
    </ClCompile>
    <ClCompile Include="Engine\ThirdParty\ImGui\imgui_draw.cpp">
      <Filter>Engine\ThirdParty\ImGui</Filter>
    </ClCompile>
    <ClCompile Include="Engine\ThirdParty\ImGui\imgui_impl_dx11.cpp">
      <Filter>Engine\ThirdParty\ImGui</Filter>
    </ClCompile>
    <ClCompile Include="Engine\ThirdParty\ImGui\imgui_impl_win32.cpp">
      <Filter>Engine\ThirdParty\ImGui</Filter>
    </ClCompile>
    <ClCompile Include="Engine\ThirdParty\ImGui\imgui_tables.cpp">
      <Filter>Engine\ThirdParty\ImGui</Filter>
    </ClCompile>
    <ClCompile Include="Engine\ThirdParty\ImGui\imgui_widgets.cpp">
      <Filter>Engine\ThirdParty\ImGui</Filter>
    </ClCompile>
    <ClCompile Include="Engine\Core\System\Managers\DebugManager\SystemItem.cpp">
      <Filter>Engine\Core\System\Managers\DebugManager</Filter>
    </ClCompile>
    <ClCompile Include="Engine\Core\System\Utility\EngineUtility.cpp">
      <Filter>Engine\Core\System\Utility</Filter>
    </ClCompile>
    <ClCompile Include="Engine\Core\System\Component\Camera\Camera.cpp">
      <Filter>Engine\Core\System\Component\Camera</Filter>
    </ClCompile>
    <ClCompile Include="Engine\Core\System\Component\Camera\CameraDCC.cpp">
      <Filter>Engine\Core\System\Component\Camera</Filter>
    </ClCompile>
  </ItemGroup>
  <ItemGroup>
    <ClInclude Include="Engine\Core\DirectX11\Renderer\InstancedModelRenderer.hpp">
      <Filter>Engine\Core\DirectX11\Renderer</Filter>
    </ClInclude>
    <ClInclude Include="Engine\Core\DirectX11\Renderer\LineRenderer.hpp">
      <Filter>Engine\Core\DirectX11\Renderer</Filter>
    </ClInclude>
    <ClInclude Include="Engine\Core\DirectX11\Renderer\ModelRenderer.hpp">
      <Filter>Engine\Core\DirectX11\Renderer</Filter>
    </ClInclude>
    <ClInclude Include="Engine\Core\DirectX11\Renderer\RenderComponent.hpp">
      <Filter>Engine\Core\DirectX11\Renderer</Filter>
    </ClInclude>
    <ClInclude Include="Engine\Core\DirectX11\Renderer\RTSpriteRenderer.hpp">
      <Filter>Engine\Core\DirectX11\Renderer</Filter>
    </ClInclude>
    <ClInclude Include="Engine\Core\DirectX11\Renderer\SkyBoxRenderer.hpp">
      <Filter>Engine\Core\DirectX11\Renderer</Filter>
    </ClInclude>
    <ClInclude Include="Engine\Core\DirectX11\Renderer\SpriteRenderer.hpp">
      <Filter>Engine\Core\DirectX11\Renderer</Filter>
    </ClInclude>
    <ClInclude Include="Engine\Core\DirectX11\Resource\Material.hpp">
      <Filter>Engine\Core\DirectX11\Resource</Filter>
    </ClInclude>
    <ClInclude Include="Engine\Core\DirectX11\Resource\ResourceSetting.hpp">
      <Filter>Engine\Core\DirectX11\Resource</Filter>
    </ClInclude>
    <ClInclude Include="Engine\Core\DirectX11\Resource\Texture.hpp">
      <Filter>Engine\Core\DirectX11\Resource</Filter>
    </ClInclude>
    <ClInclude Include="Engine\Core\DirectX11\Resource\MesheResource\InstancedMesh.hpp">
      <Filter>Engine\Core\DirectX11\Resource\MesheResource</Filter>
    </ClInclude>
    <ClInclude Include="Engine\Core\DirectX11\Resource\MesheResource\InstancedMeshBuffer.hpp">
      <Filter>Engine\Core\DirectX11\Resource\MesheResource</Filter>
    </ClInclude>
    <ClInclude Include="Engine\Core\DirectX11\Resource\MesheResource\Mesh.hpp">
      <Filter>Engine\Core\DirectX11\Resource\MesheResource</Filter>
    </ClInclude>
    <ClInclude Include="Engine\Core\DirectX11\Resource\MesheResource\MeshBuffer.hpp">
      <Filter>Engine\Core\DirectX11\Resource\MesheResource</Filter>
    </ClInclude>
    <ClInclude Include="Engine\Core\DirectX11\Resource\ShaderResource\Shader.hpp">
      <Filter>Engine\Core\DirectX11\Resource\ShaderResource</Filter>
    </ClInclude>
    <ClInclude Include="Engine\Core\DirectX11\Resource\ShaderResource\ShaderParam.hpp">
      <Filter>Engine\Core\DirectX11\Resource\ShaderResource</Filter>
    </ClInclude>
    <ClInclude Include="Engine\Core\DirectX11\Resource\ShaderResource\UnorderedAccessView.hpp">
      <Filter>Engine\Core\DirectX11\Resource\ShaderResource</Filter>
    </ClInclude>
    <ClInclude Include="Engine\Core\DirectX11\ResourceManager\InstancedModelManager.hpp">
      <Filter>Engine\Core\DirectX11\ResourceManager</Filter>
    </ClInclude>
    <ClInclude Include="Engine\Core\DirectX11\ResourceManager\MaterialManager.hpp">
      <Filter>Engine\Core\DirectX11\ResourceManager</Filter>
    </ClInclude>
    <ClInclude Include="Engine\Core\DirectX11\ResourceManager\ModelManager.hpp">
      <Filter>Engine\Core\DirectX11\ResourceManager</Filter>
    </ClInclude>
    <ClInclude Include="Engine\Core\DirectX11\ResourceManager\RenderTargetManager.hpp">
      <Filter>Engine\Core\DirectX11\ResourceManager</Filter>
    </ClInclude>
    <ClInclude Include="Engine\Core\DirectX11\ResourceManager\ShaderManager.hpp">
      <Filter>Engine\Core\DirectX11\ResourceManager</Filter>
    </ClInclude>
    <ClInclude Include="Engine\Core\DirectX11\ResourceManager\TextureManager.hpp">
      <Filter>Engine\Core\DirectX11\ResourceManager</Filter>
    </ClInclude>
    <ClInclude Include="Engine\Core\DirectX11\System\Particle\Components\ParticleEffect.hpp">
      <Filter>Engine\Core\DirectX11\System\Particle\Components</Filter>
    </ClInclude>
    <ClInclude Include="Engine\Core\DirectX11\System\Particle\Core\Particle.hpp">
      <Filter>Engine\Core\DirectX11\System\Particle\Core</Filter>
    </ClInclude>
    <ClInclude Include="Engine\Core\DirectX11\System\Particle\Core\ParticleEmitter.hpp">
      <Filter>Engine\Core\DirectX11\System\Particle\Core</Filter>
    </ClInclude>
    <ClInclude Include="Engine\Core\DirectX11\System\Particle\Core\ParticlePoolManager.hpp">
      <Filter>Engine\Core\DirectX11\System\Particle\Core</Filter>
    </ClInclude>
    <ClInclude Include="Engine\Core\DirectX11\System\DX11_Math.hpp">
      <Filter>Engine\Core\DirectX11\System</Filter>
    </ClInclude>
    <ClInclude Include="Engine\Core\DirectX11\System\Gizmos.hpp">
      <Filter>Engine\Core\DirectX11\System</Filter>
    </ClInclude>
    <ClInclude Include="Engine\Core\DirectX11\System\RenderContext.hpp">
      <Filter>Engine\Core\DirectX11\System</Filter>
    </ClInclude>
    <ClInclude Include="Engine\Core\DirectX11\System\RenderManager.hpp">
      <Filter>Engine\Core\DirectX11\System</Filter>
    </ClInclude>
    <ClInclude Include="Engine\Core\DirectX11\DX11_Core.hpp">
      <Filter>Engine\Core\DirectX11</Filter>
    </ClInclude>
    <ClInclude Include="Engine\Core\Defines.hpp">
      <Filter>Engine\Core</Filter>
    </ClInclude>
    <ClInclude Include="Engine\Core\pch.h">
      <Filter>Engine\Core</Filter>
    </ClInclude>
    <ClInclude Include="Engine\Core\System\Component\Collider\BoxCollider.hpp">
      <Filter>Engine\Core\System\Component\Collider</Filter>
    </ClInclude>
    <ClInclude Include="Engine\Core\System\Component\Collider\CapsuleCollider.hpp">
      <Filter>Engine\Core\System\Component\Collider</Filter>
    </ClInclude>
    <ClInclude Include="Engine\Core\System\Component\Collider\ColliderBase.hpp">
      <Filter>Engine\Core\System\Component\Collider</Filter>
    </ClInclude>
    <ClInclude Include="Engine\Core\System\Component\Collider\SphereCollider.hpp">
      <Filter>Engine\Core\System\Component\Collider</Filter>
    </ClInclude>
    <ClInclude Include="Engine\Core\System\Component\Component.hpp">
      <Filter>Engine\Core\System\Component</Filter>
    </ClInclude>
    <ClInclude Include="Engine\Core\System\Component\MovementComponent.hpp">
      <Filter>Engine\Core\System\Component</Filter>
    </ClInclude>
    <ClInclude Include="Engine\Core\System\Component\PlayerController.hpp">
      <Filter>Engine\Core\System\Component</Filter>
    </ClInclude>
    <ClInclude Include="Engine\Core\System\Component\Transform.hpp">
      <Filter>Engine\Core\System\Component</Filter>
    </ClInclude>
    <ClInclude Include="Engine\Core\System\CPON\cpon.hpp">
      <Filter>Engine\Core\System\CPON</Filter>
    </ClInclude>
    <ClInclude Include="Engine\Core\System\CPON\cpon_object.hpp">
      <Filter>Engine\Core\System\CPON</Filter>
    </ClInclude>
    <ClInclude Include="Engine\Core\System\Input\Input.hpp">
      <Filter>Engine\Core\System\Input</Filter>
    </ClInclude>
    <ClInclude Include="Engine\Core\System\Input\InputSystem.hpp">
      <Filter>Engine\Core\System\Input</Filter>
    </ClInclude>
    <ClInclude Include="Engine\Core\System\Managers\CollisionManager\CollisionManager.hpp">
      <Filter>Engine\Core\System\Managers\CollisionManager</Filter>
    </ClInclude>
    <ClInclude Include="Engine\Core\System\Managers\CollisionManager\OctreeCell.hpp">
      <Filter>Engine\Core\System\Managers\CollisionManager</Filter>
    </ClInclude>
    <ClInclude Include="Engine\Core\System\Managers\CollisionManager\TreeData.hpp">
      <Filter>Engine\Core\System\Managers\CollisionManager</Filter>
    </ClInclude>
    <ClInclude Include="Engine\Core\System\Managers\DebugManager\DebugItem.hpp">
      <Filter>Engine\Core\System\Managers\DebugManager</Filter>
    </ClInclude>
    <ClInclude Include="Engine\Core\System\Managers\DebugManager\DebugManager.hpp">
      <Filter>Engine\Core\System\Managers\DebugManager</Filter>
    </ClInclude>
    <ClInclude Include="Engine\Core\System\Managers\DebugManager\DebugWindow.hpp">
      <Filter>Engine\Core\System\Managers\DebugManager</Filter>
    </ClInclude>
    <ClInclude Include="Engine\Core\System\Managers\DebugManager\InitializeImGui.hpp">
      <Filter>Engine\Core\System\Managers\DebugManager</Filter>
    </ClInclude>
    <ClInclude Include="Engine\Core\System\Managers\CameraManager.hpp">
      <Filter>Engine\Core\System\Managers</Filter>
    </ClInclude>
    <ClInclude Include="Engine\Core\System\Managers\FadeManager.hpp">
      <Filter>Engine\Core\System\Managers</Filter>
    </ClInclude>
    <ClInclude Include="Engine\Core\System\Managers\SceneManager.hpp">
      <Filter>Engine\Core\System\Managers</Filter>
    </ClInclude>
    <ClInclude Include="Engine\Core\System\Managers\SoundManager.hpp">
      <Filter>Engine\Core\System\Managers</Filter>
    </ClInclude>
    <ClInclude Include="Engine\Core\System\Object\CameraObj.hpp">
      <Filter>Engine\Core\System\Object</Filter>
    </ClInclude>
    <ClInclude Include="Engine\Core\System\Object\GameObject.hpp">
      <Filter>Engine\Core\System\Object</Filter>
    </ClInclude>
    <ClInclude Include="Engine\Core\System\Object\GridObject.hpp">
      <Filter>Engine\Core\System\Object</Filter>
    </ClInclude>
    <ClInclude Include="Engine\Core\System\Object\Object.hpp">
      <Filter>Engine\Core\System\Object</Filter>
    </ClInclude>
    <ClInclude Include="Engine\Core\System\Object\SkyBoxObj.hpp">
      <Filter>Engine\Core\System\Object</Filter>
    </ClInclude>
    <ClInclude Include="Engine\Core\System\Scene\SceneBase.hpp">
      <Filter>Engine\Core\System\Scene</Filter>
    </ClInclude>
    <ClInclude Include="Engine\Core\System\Scene\SceneRoot.hpp">
      <Filter>Engine\Core\System\Scene</Filter>
    </ClInclude>
    <ClInclude Include="Engine\Core\System\SpriteManager\SpriteManager.hpp">
      <Filter>Engine\Core\System\SpriteManager</Filter>
    </ClInclude>
    <ClInclude Include="Engine\Core\System\SpriteManager\SpriteManagerHierarchy.hpp">
      <Filter>Engine\Core\System\SpriteManager</Filter>
    </ClInclude>
    <ClInclude Include="Engine\Core\System\SpriteManager\SpriteManagerInspector.hpp">
      <Filter>Engine\Core\System\SpriteManager</Filter>
    </ClInclude>
    <ClInclude Include="Engine\Core\System\SpriteManager\SpriteManagerLoader.hpp">
      <Filter>Engine\Core\System\SpriteManager</Filter>
    </ClInclude>
    <ClInclude Include="Engine\Core\System\SpriteManager\SpriteManagerSceneSelecter.hpp">
      <Filter>Engine\Core\System\SpriteManager</Filter>
    </ClInclude>
    <ClInclude Include="Engine\Core\System\SpriteManager\SpriteManagerWindow.hpp">
      <Filter>Engine\Core\System\SpriteManager</Filter>
    </ClInclude>
    <ClInclude Include="Engine\Core\System\Utility\Concept.hpp">
      <Filter>Engine\Core\System\Utility</Filter>
    </ClInclude>
    <ClInclude Include="Engine\Core\System\Utility\Utility.hpp">
      <Filter>Engine\Core\System\Utility</Filter>
    </ClInclude>
    <ClInclude Include="Engine\EntryPoint\EntryPoint.hpp">
      <Filter>Engine\EntryPoint</Filter>
    </ClInclude>
    <ClInclude Include="Engine\EntryPoint\Main.hpp">
      <Filter>Engine\EntryPoint</Filter>
    </ClInclude>
    <ClInclude Include="Engine\ryuu_lib\CRC31_HashGenerator\HashGenerator.hpp">
      <Filter>Engine\ryuu_lib\CRC31_HashGenerator</Filter>
    </ClInclude>
    <ClInclude Include="Engine\ryuu_lib\Easing\Easing.hpp">
      <Filter>Engine\ryuu_lib\Easing</Filter>
    </ClInclude>
    <ClInclude Include="Engine\ryuu_lib\FrameManager\FrameManager.hpp">
      <Filter>Engine\ryuu_lib\FrameManager</Filter>
    </ClInclude>
    <ClInclude Include="Engine\ryuu_lib\FrameManager\Timer\Timer.hpp">
      <Filter>Engine\ryuu_lib\FrameManager\Timer</Filter>
    </ClInclude>
    <ClInclude Include="Engine\ryuu_lib\IME_Controller\IME.hpp">
      <Filter>Engine\ryuu_lib\IME_Controller</Filter>
    </ClInclude>
    <ClInclude Include="Engine\ryuu_lib\MultiComparison\MultiComparison.hpp">
      <Filter>Engine\ryuu_lib\MultiComparison</Filter>
    </ClInclude>
    <ClInclude Include="Engine\ryuu_lib\Observer\Observer.hpp">
      <Filter>Engine\ryuu_lib\Observer</Filter>
    </ClInclude>
    <ClInclude Include="Engine\ryuu_lib\RandomModule\Random.hpp">
      <Filter>Engine\ryuu_lib\RandomModule</Filter>
    </ClInclude>
    <ClInclude Include="Engine\ryuu_lib\Singleton\Singleton.hpp">
      <Filter>Engine\ryuu_lib\Singleton</Filter>
    </ClInclude>
    <ClInclude Include="Engine\ryuu_lib\Singleton\SingletonController.hpp">
      <Filter>Engine\ryuu_lib\Singleton</Filter>
    </ClInclude>
    <ClInclude Include="Engine\ryuu_lib\WindowGenerator\Window.hpp">
      <Filter>Engine\ryuu_lib\WindowGenerator</Filter>
    </ClInclude>
    <ClInclude Include="Engine\ThirdParty\ImGui\imconfig.h">
      <Filter>Engine\ThirdParty\ImGui</Filter>
    </ClInclude>
    <ClInclude Include="Engine\ThirdParty\ImGui\imgui.h">
      <Filter>Engine\ThirdParty\ImGui</Filter>
    </ClInclude>
    <ClInclude Include="Engine\ThirdParty\ImGui\imgui_impl_dx11.h">
      <Filter>Engine\ThirdParty\ImGui</Filter>
    </ClInclude>
    <ClInclude Include="Engine\ThirdParty\ImGui\imgui_impl_win32.h">
      <Filter>Engine\ThirdParty\ImGui</Filter>
    </ClInclude>
    <ClInclude Include="Engine\ThirdParty\ImGui\imgui_internal.h">
      <Filter>Engine\ThirdParty\ImGui</Filter>
    </ClInclude>
    <ClInclude Include="Engine\ThirdParty\ImGui\imstb_rectpack.h">
      <Filter>Engine\ThirdParty\ImGui</Filter>
    </ClInclude>
    <ClInclude Include="Engine\ThirdParty\ImGui\imstb_textedit.h">
      <Filter>Engine\ThirdParty\ImGui</Filter>
    </ClInclude>
    <ClInclude Include="Engine\ThirdParty\ImGui\imstb_truetype.h">
      <Filter>Engine\ThirdParty\ImGui</Filter>
    </ClInclude>
    <ClInclude Include="Engine\Engine.hpp">
      <Filter>Engine</Filter>
    </ClInclude>
    <ClInclude Include="Engine\Core\System\Managers\DebugManager\SystemItem.hpp">
      <Filter>Engine\Core\System\Managers\DebugManager</Filter>
    </ClInclude>
    <ClInclude Include="Engine\Core\System\Utility\EngineUtility.hpp">
      <Filter>Engine\Core\System\Utility</Filter>
    </ClInclude>
    <ClInclude Include="Engine\DebugEditor.hpp">
      <Filter>Engine</Filter>
    </ClInclude>
    <ClInclude Include="Engine\Core\System\Component\Camera\Camera.hpp">
      <Filter>Engine\Core\System\Component\Camera</Filter>
    </ClInclude>
    <ClInclude Include="Engine\Core\System\Component\Camera\CameraDCC.hpp">
      <Filter>Engine\Core\System\Component\Camera</Filter>
    </ClInclude>
  </ItemGroup>
  <ItemGroup>
    <FxCompile Include="Engine\Shaders\PixelShader\Shadow\PS_DepthShadow.hlsl">
      <Filter>Engine\Shaders\PixelShader\Shadow</Filter>
    </FxCompile>
    <FxCompile Include="Engine\Shaders\PixelShader\Shadow\PS_PCF.hlsl">
      <Filter>Engine\Shaders\PixelShader\Shadow</Filter>
    </FxCompile>
    <FxCompile Include="Engine\Shaders\PixelShader\Shadow\PS_ProjectionShadow.hlsl">
      <Filter>Engine\Shaders\PixelShader\Shadow</Filter>
    </FxCompile>
    <FxCompile Include="Engine\Shaders\PixelShader\Shadow\PS_WriteShadow.hlsl">
      <Filter>Engine\Shaders\PixelShader\Shadow</Filter>
    </FxCompile>
    <FxCompile Include="Engine\Shaders\PixelShader\PS_Geometory.hlsl">
      <Filter>Engine\Shaders\PixelShader</Filter>
    </FxCompile>
    <FxCompile Include="Engine\Shaders\PixelShader\PS_Model.hlsl">
      <Filter>Engine\Shaders\PixelShader</Filter>
    </FxCompile>
    <FxCompile Include="Engine\Shaders\PixelShader\PS_Particle.hlsl">
      <Filter>Engine\Shaders\PixelShader</Filter>
    </FxCompile>
    <FxCompile Include="Engine\Shaders\PixelShader\PS_PatternScale.hlsl">
      <Filter>Engine\Shaders\PixelShader</Filter>
    </FxCompile>
    <FxCompile Include="Engine\Shaders\PixelShader\PS_POM.hlsl">
      <Filter>Engine\Shaders\PixelShader</Filter>
    </FxCompile>
    <FxCompile Include="Engine\Shaders\PixelShader\PS_Sprite.hlsl">
      <Filter>Engine\Shaders\PixelShader</Filter>
    </FxCompile>
    <FxCompile Include="Engine\Shaders\PixelShader\PS_TexColor.hlsl">
      <Filter>Engine\Shaders\PixelShader</Filter>
    </FxCompile>
    <FxCompile Include="Engine\Shaders\VertexShader\IVS_Bumpmap.hlsl">
      <Filter>Engine\Shaders\VertexShader</Filter>
    </FxCompile>
    <FxCompile Include="Engine\Shaders\VertexShader\IVS_InstancedObject.hlsl">
      <Filter>Engine\Shaders\VertexShader</Filter>
    </FxCompile>
    <FxCompile Include="Engine\Shaders\VertexShader\IVS_Particle.hlsl">
      <Filter>Engine\Shaders\VertexShader</Filter>
    </FxCompile>
    <FxCompile Include="Engine\Shaders\VertexShader\VS_Bumpmap.hlsl">
      <Filter>Engine\Shaders\VertexShader</Filter>
    </FxCompile>
    <FxCompile Include="Engine\Shaders\VertexShader\VS_Geometory.hlsl">
      <Filter>Engine\Shaders\VertexShader</Filter>
    </FxCompile>
    <FxCompile Include="Engine\Shaders\VertexShader\VS_Model.hlsl">
      <Filter>Engine\Shaders\VertexShader</Filter>
    </FxCompile>
    <FxCompile Include="Engine\Shaders\VertexShader\VS_Object.hlsl">
      <Filter>Engine\Shaders\VertexShader</Filter>
    </FxCompile>
    <FxCompile Include="Engine\Shaders\VertexShader\VS_Shadow.hlsl">
      <Filter>Engine\Shaders\VertexShader</Filter>
    </FxCompile>
    <FxCompile Include="Engine\Shaders\VertexShader\VS_Sprite.hlsl">
      <Filter>Engine\Shaders\VertexShader</Filter>
    </FxCompile>
  </ItemGroup>
</Project>